// !$*UTF8*$!
{
	archiveVersion = 1;
	classes = {
	};
	objectVersion = 46;
	objects = {

/* Begin PBXBuildFile section */
		974416671F395E9A001407DF /* main.m in Sources */ = {isa = PBXBuildFile; fileRef = 974416661F395E9A001407DF /* main.m */; };
		9744166A1F395E9A001407DF /* AppDelegate.m in Sources */ = {isa = PBXBuildFile; fileRef = 974416691F395E9A001407DF /* AppDelegate.m */; };
		9744166D1F395E9A001407DF /* ViewController.m in Sources */ = {isa = PBXBuildFile; fileRef = 9744166C1F395E9A001407DF /* ViewController.m */; };
		974416701F395E9A001407DF /* Main.storyboard in Resources */ = {isa = PBXBuildFile; fileRef = 9744166E1F395E9A001407DF /* Main.storyboard */; };
		974416721F395E9A001407DF /* Assets.xcassets in Resources */ = {isa = PBXBuildFile; fileRef = 974416711F395E9A001407DF /* Assets.xcassets */; };
		974416751F395E9B001407DF /* LaunchScreen.storyboard in Resources */ = {isa = PBXBuildFile; fileRef = 974416731F395E9A001407DF /* LaunchScreen.storyboard */; };
		9744167F1F395ED2001407DF /* ESTextView.m in Sources */ = {isa = PBXBuildFile; fileRef = 9744167E1F395ED2001407DF /* ESTextView.m */; };
/* End PBXBuildFile section */

/* Begin PBXFileReference section */
		974416621F395E9A001407DF /* ESTextView.app */ = {isa = PBXFileReference; explicitFileType = wrapper.application; includeInIndex = 0; path = ESTextView.app; sourceTree = BUILT_PRODUCTS_DIR; };
		974416661F395E9A001407DF /* main.m */ = {isa = PBXFileReference; lastKnownFileType = sourcecode.c.objc; path = main.m; sourceTree = "<group>"; };
		974416681F395E9A001407DF /* AppDelegate.h */ = {isa = PBXFileReference; lastKnownFileType = sourcecode.c.h; path = AppDelegate.h; sourceTree = "<group>"; };
		974416691F395E9A001407DF /* AppDelegate.m */ = {isa = PBXFileReference; lastKnownFileType = sourcecode.c.objc; path = AppDelegate.m; sourceTree = "<group>"; };
		9744166B1F395E9A001407DF /* ViewController.h */ = {isa = PBXFileReference; lastKnownFileType = sourcecode.c.h; path = ViewController.h; sourceTree = "<group>"; };
		9744166C1F395E9A001407DF /* ViewController.m */ = {isa = PBXFileReference; lastKnownFileType = sourcecode.c.objc; path = ViewController.m; sourceTree = "<group>"; };
		9744166F1F395E9A001407DF /* Base */ = {isa = PBXFileReference; lastKnownFileType = file.storyboard; name = Base; path = Base.lproj/Main.storyboard; sourceTree = "<group>"; };
		974416711F395E9A001407DF /* Assets.xcassets */ = {isa = PBXFileReference; lastKnownFileType = folder.assetcatalog; path = Assets.xcassets; sourceTree = "<group>"; };
		974416741F395E9A001407DF /* Base */ = {isa = PBXFileReference; lastKnownFileType = file.storyboard; name = Base; path = Base.lproj/LaunchScreen.storyboard; sourceTree = "<group>"; };
		974416761F395E9B001407DF /* Info.plist */ = {isa = PBXFileReference; lastKnownFileType = text.plist.xml; path = Info.plist; sourceTree = "<group>"; };
		9744167D1F395ED2001407DF /* ESTextView.h */ = {isa = PBXFileReference; fileEncoding = 4; lastKnownFileType = sourcecode.c.h; path = ESTextView.h; sourceTree = "<group>"; };
		9744167E1F395ED2001407DF /* ESTextView.m */ = {isa = PBXFileReference; fileEncoding = 4; lastKnownFileType = sourcecode.c.objc; path = ESTextView.m; sourceTree = "<group>"; };
/* End PBXFileReference section */

/* Begin PBXFrameworksBuildPhase section */
		9744165F1F395E9A001407DF /* Frameworks */ = {
			isa = PBXFrameworksBuildPhase;
			buildActionMask = 2147483647;
			files = (
			);
			runOnlyForDeploymentPostprocessing = 0;
		};
/* End PBXFrameworksBuildPhase section */

/* Begin PBXGroup section */
		974416591F395E9A001407DF = {
			isa = PBXGroup;
			children = (
				974416641F395E9A001407DF /* ESTextView */,
				974416631F395E9A001407DF /* Products */,
			);
			sourceTree = "<group>";
		};
		974416631F395E9A001407DF /* Products */ = {
			isa = PBXGroup;
			children = (
				974416621F395E9A001407DF /* ESTextView.app */,
			);
			name = Products;
			sourceTree = "<group>";
		};
		974416641F395E9A001407DF /* ESTextView */ = {
			isa = PBXGroup;
			children = (
				9744167C1F395EC4001407DF /* ESTextView */,
				974416681F395E9A001407DF /* AppDelegate.h */,
				974416691F395E9A001407DF /* AppDelegate.m */,
				9744166B1F395E9A001407DF /* ViewController.h */,
				9744166C1F395E9A001407DF /* ViewController.m */,
				9744166E1F395E9A001407DF /* Main.storyboard */,
				974416711F395E9A001407DF /* Assets.xcassets */,
				974416731F395E9A001407DF /* LaunchScreen.storyboard */,
				974416761F395E9B001407DF /* Info.plist */,
				974416651F395E9A001407DF /* Supporting Files */,
			);
			path = ESTextView;
			sourceTree = "<group>";
		};
		974416651F395E9A001407DF /* Supporting Files */ = {
			isa = PBXGroup;
			children = (
				974416661F395E9A001407DF /* main.m */,
			);
			name = "Supporting Files";
			sourceTree = "<group>";
		};
		9744167C1F395EC4001407DF /* ESTextView */ = {
			isa = PBXGroup;
			children = (
				9744167D1F395ED2001407DF /* ESTextView.h */,
				9744167E1F395ED2001407DF /* ESTextView.m */,
			);
			path = ESTextView;
			sourceTree = "<group>";
		};
/* End PBXGroup section */

/* Begin PBXNativeTarget section */
		974416611F395E9A001407DF /* ESTextView */ = {
			isa = PBXNativeTarget;
			buildConfigurationList = 974416791F395E9B001407DF /* Build configuration list for PBXNativeTarget "ESTextView" */;
			buildPhases = (
				9744165E1F395E9A001407DF /* Sources */,
				9744165F1F395E9A001407DF /* Frameworks */,
				974416601F395E9A001407DF /* Resources */,
			);
			buildRules = (
			);
			dependencies = (
			);
			name = ESTextView;
			productName = ESTextView;
			productReference = 974416621F395E9A001407DF /* ESTextView.app */;
			productType = "com.apple.product-type.application";
		};
/* End PBXNativeTarget section */

/* Begin PBXProject section */
		9744165A1F395E9A001407DF /* Project object */ = {
			isa = PBXProject;
			attributes = {
				LastUpgradeCheck = 0830;
				ORGANIZATIONNAME = codeLocker;
				TargetAttributes = {
					974416611F395E9A001407DF = {
						CreatedOnToolsVersion = 8.3.3;
						DevelopmentTeam = EGNU2YN2XY;
						ProvisioningStyle = Automatic;
					};
				};
			};
			buildConfigurationList = 9744165D1F395E9A001407DF /* Build configuration list for PBXProject "ESTextView" */;
			compatibilityVersion = "Xcode 3.2";
			developmentRegion = English;
			hasScannedForEncodings = 0;
			knownRegions = (
				en,
				Base,
			);
			mainGroup = 974416591F395E9A001407DF;
			productRefGroup = 974416631F395E9A001407DF /* Products */;
			projectDirPath = "";
			projectRoot = "";
			targets = (
				974416611F395E9A001407DF /* ESTextView */,
			);
		};
/* End PBXProject section */

/* Begin PBXResourcesBuildPhase section */
		974416601F395E9A001407DF /* Resources */ = {
			isa = PBXResourcesBuildPhase;
			buildActionMask = 2147483647;
			files = (
				974416751F395E9B001407DF /* LaunchScreen.storyboard in Resources */,
				974416721F395E9A001407DF /* Assets.xcassets in Resources */,
				974416701F395E9A001407DF /* Main.storyboard in Resources */,
			);
			runOnlyForDeploymentPostprocessing = 0;
		};
/* End PBXResourcesBuildPhase section */

/* Begin PBXSourcesBuildPhase section */
		9744165E1F395E9A001407DF /* Sources */ = {
			isa = PBXSourcesBuildPhase;
			buildActionMask = 2147483647;
			files = (
				9744166D1F395E9A001407DF /* ViewController.m in Sources */,
				9744166A1F395E9A001407DF /* AppDelegate.m in Sources */,
				974416671F395E9A001407DF /* main.m in Sources */,
				9744167F1F395ED2001407DF /* ESTextView.m in Sources */,
			);
			runOnlyForDeploymentPostprocessing = 0;
		};
/* End PBXSourcesBuildPhase section */

/* Begin PBXVariantGroup section */
		9744166E1F395E9A001407DF /* Main.storyboard */ = {
			isa = PBXVariantGroup;
			children = (
				9744166F1F395E9A001407DF /* Base */,
			);
			name = Main.storyboard;
			sourceTree = "<group>";
		};
		974416731F395E9A001407DF /* LaunchScreen.storyboard */ = {
			isa = PBXVariantGroup;
			children = (
				974416741F395E9A001407DF /* Base */,
			);
			name = LaunchScreen.storyboard;
			sourceTree = "<group>";
		};
/* End PBXVariantGroup section */

/* Begin XCBuildConfiguration section */
		974416771F395E9B001407DF /* Debug */ = {
			isa = XCBuildConfiguration;
			buildSettings = {
				ALWAYS_SEARCH_USER_PATHS = NO;
				CLANG_ANALYZER_NONNULL = YES;
				CLANG_ANALYZER_NUMBER_OBJECT_CONVERSION = YES_AGGRESSIVE;
				CLANG_CXX_LANGUAGE_STANDARD = "gnu++0x";
				CLANG_CXX_LIBRARY = "libc++";
				CLANG_ENABLE_MODULES = YES;
				CLANG_ENABLE_OBJC_ARC = YES;
				CLANG_WARN_BOOL_CONVERSION = YES;
				CLANG_WARN_CONSTANT_CONVERSION = YES;
				CLANG_WARN_DIRECT_OBJC_ISA_USAGE = YES_ERROR;
				CLANG_WARN_DOCUMENTATION_COMMENTS = YES;
				CLANG_WARN_EMPTY_BODY = YES;
				CLANG_WARN_ENUM_CONVERSION = YES;
				CLANG_WARN_INFINITE_RECURSION = YES;
				CLANG_WARN_INT_CONVERSION = YES;
				CLANG_WARN_OBJC_ROOT_CLASS = YES_ERROR;
				CLANG_WARN_SUSPICIOUS_MOVE = YES;
				CLANG_WARN_UNREACHABLE_CODE = YES;
				CLANG_WARN__DUPLICATE_METHOD_MATCH = YES;
				"CODE_SIGN_IDENTITY[sdk=iphoneos*]" = "iPhone Developer";
				COPY_PHASE_STRIP = NO;
				DEBUG_INFORMATION_FORMAT = dwarf;
				ENABLE_STRICT_OBJC_MSGSEND = YES;
				ENABLE_TESTABILITY = YES;
				GCC_C_LANGUAGE_STANDARD = gnu99;
				GCC_DYNAMIC_NO_PIC = NO;
				GCC_NO_COMMON_BLOCKS = YES;
				GCC_OPTIMIZATION_LEVEL = 0;
				GCC_PREPROCESSOR_DEFINITIONS = (
					"DEBUG=1",
					"$(inherited)",
				);
				GCC_WARN_64_TO_32_BIT_CONVERSION = YES;
				GCC_WARN_ABOUT_RETURN_TYPE = YES_ERROR;
				GCC_WARN_UNDECLARED_SELECTOR = YES;
				GCC_WARN_UNINITIALIZED_AUTOS = YES_AGGRESSIVE;
				GCC_WARN_UNUSED_FUNCTION = YES;
				GCC_WARN_UNUSED_VARIABLE = YES;
				IPHONEOS_DEPLOYMENT_TARGET = 10.3;
				MTL_ENABLE_DEBUG_INFO = YES;
				ONLY_ACTIVE_ARCH = YES;
				SDKROOT = iphoneos;
				TARGETED_DEVICE_FAMILY = "1,2";
			};
			name = Debug;
		};
		974416781F395E9B001407DF /* Release */ = {
			isa = XCBuildConfiguration;
			buildSettings = {
				ALWAYS_SEARCH_USER_PATHS = NO;
				CLANG_ANALYZER_NONNULL = YES;
				CLANG_ANALYZER_NUMBER_OBJECT_CONVERSION = YES_AGGRESSIVE;
				CLANG_CXX_LANGUAGE_STANDARD = "gnu++0x";
				CLANG_CXX_LIBRARY = "libc++";
				CLANG_ENABLE_MODULES = YES;
				CLANG_ENABLE_OBJC_ARC = YES;
				CLANG_WARN_BOOL_CONVERSION = YES;
				CLANG_WARN_CONSTANT_CONVERSION = YES;
				CLANG_WARN_DIRECT_OBJC_ISA_USAGE = YES_ERROR;
				CLANG_WARN_DOCUMENTATION_COMMENTS = YES;
				CLANG_WARN_EMPTY_BODY = YES;
				CLANG_WARN_ENUM_CONVERSION = YES;
				CLANG_WARN_INFINITE_RECURSION = YES;
				CLANG_WARN_INT_CONVERSION = YES;
				CLANG_WARN_OBJC_ROOT_CLASS = YES_ERROR;
				CLANG_WARN_SUSPICIOUS_MOVE = YES;
				CLANG_WARN_UNREACHABLE_CODE = YES;
				CLANG_WARN__DUPLICATE_METHOD_MATCH = YES;
				"CODE_SIGN_IDENTITY[sdk=iphoneos*]" = "iPhone Developer";
				COPY_PHASE_STRIP = NO;
				DEBUG_INFORMATION_FORMAT = "dwarf-with-dsym";
				ENABLE_NS_ASSERTIONS = NO;
				ENABLE_STRICT_OBJC_MSGSEND = YES;
				GCC_C_LANGUAGE_STANDARD = gnu99;
				GCC_NO_COMMON_BLOCKS = YES;
				GCC_WARN_64_TO_32_BIT_CONVERSION = YES;
				GCC_WARN_ABOUT_RETURN_TYPE = YES_ERROR;
				GCC_WARN_UNDECLARED_SELECTOR = YES;
				GCC_WARN_UNINITIALIZED_AUTOS = YES_AGGRESSIVE;
				GCC_WARN_UNUSED_FUNCTION = YES;
				GCC_WARN_UNUSED_VARIABLE = YES;
				IPHONEOS_DEPLOYMENT_TARGET = 10.3;
				MTL_ENABLE_DEBUG_INFO = NO;
				SDKROOT = iphoneos;
				TARGETED_DEVICE_FAMILY = "1,2";
				VALIDATE_PRODUCT = YES;
			};
			name = Release;
		};
		9744167A1F395E9B001407DF /* Debug */ = {
			isa = XCBuildConfiguration;
			buildSettings = {
				ASSETCATALOG_COMPILER_APPICON_NAME = AppIcon;
				DEVELOPMENT_TEAM = EGNU2YN2XY;
				INFOPLIST_FILE = ESTextView/Info.plist;
				LD_RUNPATH_SEARCH_PATHS = "$(inherited) @executable_path/Frameworks";
				PRODUCT_BUNDLE_IDENTIFIER = codeLocker.ESTextView;
				PRODUCT_NAME = "$(TARGET_NAME)";
			};
			name = Debug;
		};
		9744167B1F395E9B001407DF /* Release */ = {
			isa = XCBuildConfiguration;
			buildSettings = {
				ASSETCATALOG_COMPILER_APPICON_NAME = AppIcon;
				DEVELOPMENT_TEAM = EGNU2YN2XY;
				INFOPLIST_FILE = ESTextView/Info.plist;
				LD_RUNPATH_SEARCH_PATHS = "$(inherited) @executable_path/Frameworks";
				PRODUCT_BUNDLE_IDENTIFIER = codeLocker.ESTextView;
				PRODUCT_NAME = "$(TARGET_NAME)";
			};
			name = Release;
		};
/* End XCBuildConfiguration section */

/* Begin XCConfigurationList section */
		9744165D1F395E9A001407DF /* Build configuration list for PBXProject "ESTextView" */ = {
			isa = XCConfigurationList;
			buildConfigurations = (
				974416771F395E9B001407DF /* Debug */,
				974416781F395E9B001407DF /* Release */,
			);
			defaultConfigurationIsVisible = 0;
			defaultConfigurationName = Release;
		};
		974416791F395E9B001407DF /* Build configuration list for PBXNativeTarget "ESTextView" */ = {
			isa = XCConfigurationList;
			buildConfigurations = (
				9744167A1F395E9B001407DF /* Debug */,
				9744167B1F395E9B001407DF /* Release */,
			);
			defaultConfigurationIsVisible = 0;
			defaultConfigurationName = Release;
		};
/* End XCConfigurationList section */
	};
	rootObject = 9744165A1F395E9A001407DF /* Project object */;
}
